{
  "name": "tree-sitter-arduino",
  "version": "0.20.2",
  "lockfileVersion": 3,
  "requires": true,
  "packages": {
    "": {
      "name": "tree-sitter-arduino",
      "version": "0.20.2",
      "license": "MIT",
      "dependencies": {
        "nan": "^2.18.0"
      },
      "devDependencies": {
        "tree-sitter-c": ">=0.20.7",
        "tree-sitter-cli": "~0.21.0-pre-release-1",
        "tree-sitter-cpp": ">=0.20.4"
      },
      "funding": {
        "type": "github",
        "url": "https://github.com/sponsors/ObserverOfTime"
      }
    },
    "node_modules/nan": {
      "version": "2.18.0",
      "resolved": "https://registry.npmjs.org/nan/-/nan-2.18.0.tgz",
      "integrity": "sha512-W7tfG7vMOGtD30sHoZSSc/JVYiyDPEyQVso/Zz+/uQd0B0L46gtC+pHha5FFMRpil6fm/AoEcRWyOVi4+E/f8w=="
    },
    "node_modules/tree-sitter-c": {
      "version": "0.20.8",
      "resolved": "https://registry.npmjs.org/tree-sitter-c/-/tree-sitter-c-0.20.8.tgz",
      "integrity": "sha512-1393KNfnj67sCpoUjvTa2w1zU1h/3WvZ3Oz/kQzpMQhOjJURTbHAiMguKbBHhveGcoiPWc19bObfybTOWxVorA==",
      "dev": true,
      "hasInstallScript": true,
      "dependencies": {
        "nan": "^2.18.0"
      }
    },
    "node_modules/tree-sitter-cli": {
      "version": "0.21.0-pre-release-1",
      "resolved": "https://registry.npmjs.org/tree-sitter-cli/-/tree-sitter-cli-0.21.0-pre-release-1.tgz",
      "integrity": "sha512-Vr/9mlcphNSSYKB73UpBlVE9ZiRfLcsYtbsdFEfIq9Kh306W0nGY0QISvnn5vixmx6oAS//pbWcrz0uUPwRvcA==",
      "dev": true,
      "hasInstallScript": true,
      "bin": {
        "tree-sitter": "cli.js"
      }
    },
    "node_modules/tree-sitter-cpp": {
      "version": "0.20.4",
      "resolved": "https://registry.npmjs.org/tree-sitter-cpp/-/tree-sitter-cpp-0.20.4.tgz",
      "integrity": "sha512-BZEMio1Ekc5Cmru0+fMucDF0CzrIleUp2nY+U6g6Z15Nx3pHk+L5PE74/tc0BiVHVHNVJKPnsX9mBEi0++J2wg==",
      "dev": true,
      "hasInstallScript": true,
      "dependencies": {
        "nan": "^2.18.0"
      }
    }
  }
}
